
Microsoft Visual Studio Solution File, Format Version 12.00
# Visual Studio Version 16
VisualStudioVersion = 16.0.30607.51
MinimumVisualStudioVersion = 10.0.40219.1
Project("{FAE04EC0-301F-11D3-BF4B-00C04F79EFBC}") = "ExercList1.Android", "ExercList1\ExercList1.Android\ExercList1.Android.csproj", "{7AA7BABD-9F73-46F4-8C81-0AAC4103E9C4}"
EndProject
Project("{FAE04EC0-301F-11D3-BF4B-00C04F79EFBC}") = "ExercList1", "ExercList1\ExercList1\ExercList1.csproj", "{F5523B45-110A-4510-A3A8-8068549C9DAB}"
EndProject
Global
	GlobalSection(SolutionConfigurationPlatforms) = preSolution
		Debug|Any CPU = Debug|Any CPU
		Release|Any CPU = Release|Any CPU
	EndGlobalSection
	GlobalSection(ProjectConfigurationPlatforms) = postSolution
		{7AA7BABD-9F73-46F4-8C81-0AAC4103E9C4}.Debug|Any CPU.ActiveCfg = Debug|Any CPU
		{7AA7BABD-9F73-46F4-8C81-0AAC4103E9C4}.Debug|Any CPU.Build.0 = Debug|Any CPU
		{7AA7BABD-9F73-46F4-8C81-0AAC4103E9C4}.Debug|Any CPU.Deploy.0 = Debug|Any CPU
		{7AA7BABD-9F73-46F4-8C81-0AAC4103E9C4}.Release|Any CPU.ActiveCfg = Release|Any CPU
		{7AA7BABD-9F73-46F4-8C81-0AAC4103E9C4}.Release|Any CPU.Build.0 = Release|Any CPU
		{7AA7BABD-9F73-46F4-8C81-0AAC4103E9C4}.Release|Any CPU.Deploy.0 = Release|Any CPU
		{F5523B45-110A-4510-A3A8-8068549C9DAB}.Debug|Any CPU.ActiveCfg = Debug|Any CPU
		{F5523B45-110A-4510-A3A8-8068549C9DAB}.Debug|Any CPU.Build.0 = Debug|Any CPU
		{F5523B45-110A-4510-A3A8-8068549C9DAB}.Debug|Any CPU.Deploy.0 = Debug|Any CPU
		{F5523B45-110A-4510-A3A8-8068549C9DAB}.Release|Any CPU.ActiveCfg = Release|Any CPU
		{F5523B45-110A-4510-A3A8-8068549C9DAB}.Release|Any CPU.Build.0 = Release|Any CPU
		{F5523B45-110A-4510-A3A8-8068549C9DAB}.Release|Any CPU.Deploy.0 = Release|Any CPU
	EndGlobalSection
	GlobalSection(SolutionProperties) = preSolution
		HideSolutionNode = FALSE
	EndGlobalSection
	GlobalSection(ExtensibilityGlobals) = postSolution
		SolutionGuid = {4A0EA9CF-41AE-44B1-A3D9-E5D4491162FD}
	EndGlobalSection
EndGlobal
